
Microsoft Visual Studio Solution File, Format Version 12.00
# Visual Studio Version 16
VisualStudioVersion = 16.0.29613.14
MinimumVisualStudioVersion = 10.0.40219.1
Project("{9A19103F-16F7-4668-BE54-9A1E7A4F7556}") = "AvlCollections", "AvlCollections\AvlCollections.csproj", "{A1A6EA46-55F0-4EC4-8D9E-F73AD07CDF2B}"
EndProject
Project("{FAE04EC0-301F-11D3-BF4B-00C04F79EFBC}") = "AvlCollections.Benchmark", "AvlCollections.Benchmark\AvlCollections.Benchmark.csproj", "{A51DC8D2-C0EC-419C-B71E-33AC5BFCED75}"
EndProject
Project("{FAE04EC0-301F-11D3-BF4B-00C04F79EFBC}") = "AvlCollections.Tests", "AvlCollections.Tests\AvlCollections.Tests.csproj", "{EF0EF662-F272-4CC2-9323-D6AB62A0BB39}"
EndProject
Global
	GlobalSection(SolutionConfigurationPlatforms) = preSolution
		Debug|Any CPU = Debug|Any CPU
		Release|Any CPU = Release|Any CPU
	EndGlobalSection
	GlobalSection(ProjectConfigurationPlatforms) = postSolution
		{A1A6EA46-55F0-4EC4-8D9E-F73AD07CDF2B}.Debug|Any CPU.ActiveCfg = Debug|Any CPU
		{A1A6EA46-55F0-4EC4-8D9E-F73AD07CDF2B}.Debug|Any CPU.Build.0 = Debug|Any CPU
		{A1A6EA46-55F0-4EC4-8D9E-F73AD07CDF2B}.Release|Any CPU.ActiveCfg = Release|Any CPU
		{A1A6EA46-55F0-4EC4-8D9E-F73AD07CDF2B}.Release|Any CPU.Build.0 = Release|Any CPU
		{A51DC8D2-C0EC-419C-B71E-33AC5BFCED75}.Debug|Any CPU.ActiveCfg = Debug|Any CPU
		{A51DC8D2-C0EC-419C-B71E-33AC5BFCED75}.Debug|Any CPU.Build.0 = Debug|Any CPU
		{A51DC8D2-C0EC-419C-B71E-33AC5BFCED75}.Release|Any CPU.ActiveCfg = Release|Any CPU
		{A51DC8D2-C0EC-419C-B71E-33AC5BFCED75}.Release|Any CPU.Build.0 = Release|Any CPU
		{EF0EF662-F272-4CC2-9323-D6AB62A0BB39}.Debug|Any CPU.ActiveCfg = Debug|Any CPU
		{EF0EF662-F272-4CC2-9323-D6AB62A0BB39}.Debug|Any CPU.Build.0 = Debug|Any CPU
		{EF0EF662-F272-4CC2-9323-D6AB62A0BB39}.Release|Any CPU.ActiveCfg = Release|Any CPU
		{EF0EF662-F272-4CC2-9323-D6AB62A0BB39}.Release|Any CPU.Build.0 = Release|Any CPU
	EndGlobalSection
	GlobalSection(SolutionProperties) = preSolution
		HideSolutionNode = FALSE
	EndGlobalSection
	GlobalSection(ExtensibilityGlobals) = postSolution
		SolutionGuid = {941CEF36-A2FD-4346-9B41-3BC8A1BA4FFC}
	EndGlobalSection
EndGlobal
